
Microsoft Visual Studio Solution File, Format Version 12.00
# Visual Studio Version 16
VisualStudioVersion = 16.0.30011.22
MinimumVisualStudioVersion = 10.0.40219.1
Project("{9A19103F-16F7-4668-BE54-9A1E7A4F7556}") = "BulkyBook", "BulkyBook\BulkyBook.csproj", "{D369B15D-CA79-40B8-9BB0-35EA944B7DA3}"
EndProject
Project("{FAE04EC0-301F-11D3-BF4B-00C04F79EFBC}") = "DataAccess", "DataAccess\DataAccess.csproj", "{7ABC51C7-CDEA-404A-8ABF-CF42DC03188F}"
EndProject
Project("{FAE04EC0-301F-11D3-BF4B-00C04F79EFBC}") = "Models", "Models\Models.csproj", "{85BCA407-6C69-44C7-AB6F-82878C92E84B}"
EndProject
Project("{FAE04EC0-301F-11D3-BF4B-00C04F79EFBC}") = "Utility", "Utility\Utility.csproj", "{78E14960-CF5E-4B19-AC98-3AC93200C5AD}"
EndProject
Global
	GlobalSection(SolutionConfigurationPlatforms) = preSolution
		Debug|Any CPU = Debug|Any CPU
		Release|Any CPU = Release|Any CPU
	EndGlobalSection
	GlobalSection(ProjectConfigurationPlatforms) = postSolution
		{D369B15D-CA79-40B8-9BB0-35EA944B7DA3}.Debug|Any CPU.ActiveCfg = Debug|Any CPU
		{D369B15D-CA79-40B8-9BB0-35EA944B7DA3}.Debug|Any CPU.Build.0 = Debug|Any CPU
		{D369B15D-CA79-40B8-9BB0-35EA944B7DA3}.Release|Any CPU.ActiveCfg = Release|Any CPU
		{D369B15D-CA79-40B8-9BB0-35EA944B7DA3}.Release|Any CPU.Build.0 = Release|Any CPU
		{7ABC51C7-CDEA-404A-8ABF-CF42DC03188F}.Debug|Any CPU.ActiveCfg = Debug|Any CPU
		{7ABC51C7-CDEA-404A-8ABF-CF42DC03188F}.Debug|Any CPU.Build.0 = Debug|Any CPU
		{7ABC51C7-CDEA-404A-8ABF-CF42DC03188F}.Release|Any CPU.ActiveCfg = Release|Any CPU
		{7ABC51C7-CDEA-404A-8ABF-CF42DC03188F}.Release|Any CPU.Build.0 = Release|Any CPU
		{85BCA407-6C69-44C7-AB6F-82878C92E84B}.Debug|Any CPU.ActiveCfg = Debug|Any CPU
		{85BCA407-6C69-44C7-AB6F-82878C92E84B}.Debug|Any CPU.Build.0 = Debug|Any CPU
		{85BCA407-6C69-44C7-AB6F-82878C92E84B}.Release|Any CPU.ActiveCfg = Release|Any CPU
		{85BCA407-6C69-44C7-AB6F-82878C92E84B}.Release|Any CPU.Build.0 = Release|Any CPU
		{78E14960-CF5E-4B19-AC98-3AC93200C5AD}.Debug|Any CPU.ActiveCfg = Debug|Any CPU
		{78E14960-CF5E-4B19-AC98-3AC93200C5AD}.Debug|Any CPU.Build.0 = Debug|Any CPU
		{78E14960-CF5E-4B19-AC98-3AC93200C5AD}.Release|Any CPU.ActiveCfg = Release|Any CPU
		{78E14960-CF5E-4B19-AC98-3AC93200C5AD}.Release|Any CPU.Build.0 = Release|Any CPU
	EndGlobalSection
	GlobalSection(SolutionProperties) = preSolution
		HideSolutionNode = FALSE
	EndGlobalSection
	GlobalSection(ExtensibilityGlobals) = postSolution
		SolutionGuid = {B583C1DE-A83D-4F95-9E75-59B184F15591}
	EndGlobalSection
EndGlobal
